
Microsoft Visual Studio Solution File, Format Version 12.00
# Visual Studio 14
VisualStudioVersion = 14.0.24720.0
MinimumVisualStudioVersion = 10.0.40219.1
Project("{FAE04EC0-301F-11D3-BF4B-00C04F79EFBC}") = "Mystudentjob.ie", "Mystudentjob.ie\Mystudentjob.ie.csproj", "{0886A14F-A3D1-4DB9-B11B-C0B8EED1F1FA}"
EndProject
Global
	GlobalSection(SolutionConfigurationPlatforms) = preSolution
		Debug|Any CPU = Debug|Any CPU
		Release|Any CPU = Release|Any CPU
	EndGlobalSection
	GlobalSection(ProjectConfigurationPlatforms) = postSolution
		{0886A14F-A3D1-4DB9-B11B-C0B8EED1F1FA}.Debug|Any CPU.ActiveCfg = Debug|Any CPU
		{0886A14F-A3D1-4DB9-B11B-C0B8EED1F1FA}.Debug|Any CPU.Build.0 = Debug|Any CPU
		{0886A14F-A3D1-4DB9-B11B-C0B8EED1F1FA}.Release|Any CPU.ActiveCfg = Release|Any CPU
		{0886A14F-A3D1-4DB9-B11B-C0B8EED1F1FA}.Release|Any CPU.Build.0 = Release|Any CPU
	EndGlobalSection
	GlobalSection(SolutionProperties) = preSolution
		HideSolutionNode = FALSE
	EndGlobalSection
EndGlobal
